
Microsoft Visual Studio Solution File, Format Version 12.00
# Visual Studio Version 17
VisualStudioVersion = 17.0.31903.59
MinimumVisualStudioVersion = 10.0.40219.1
Project("{9A19103F-16F7-4668-BE54-9A1E7A4F7556}") = "CardCatalog.Api", "CardCatalog.Api\CardCatalog.Api.csproj", "{D5300B07-8AC2-4BBA-B6CA-E64706CCFCBF}"
EndProject
Project("{9A19103F-16F7-4668-BE54-9A1E7A4F7556}") = "CardCatalog.Core", "CardCatalog.Core\CardCatalog.Core.csproj", "{07285237-3835-4BB1-AF16-6C95E3F7566F}"
EndProject
Project("{9A19103F-16F7-4668-BE54-9A1E7A4F7556}") = "CardCatalog.Terminal", "CardCatalog.Terminal\CardCatalog.Terminal.csproj", "{BEF253CE-CE70-4098-99F6-3CE6B0465FD7}"
EndProject
Global
	GlobalSection(SolutionConfigurationPlatforms) = preSolution
		Debug|Any CPU = Debug|Any CPU
		Release|Any CPU = Release|Any CPU
	EndGlobalSection
	GlobalSection(SolutionProperties) = preSolution
		HideSolutionNode = FALSE
	EndGlobalSection
	GlobalSection(ProjectConfigurationPlatforms) = postSolution
		{D5300B07-8AC2-4BBA-B6CA-E64706CCFCBF}.Debug|Any CPU.ActiveCfg = Debug|Any CPU
		{D5300B07-8AC2-4BBA-B6CA-E64706CCFCBF}.Debug|Any CPU.Build.0 = Debug|Any CPU
		{D5300B07-8AC2-4BBA-B6CA-E64706CCFCBF}.Release|Any CPU.ActiveCfg = Release|Any CPU
		{D5300B07-8AC2-4BBA-B6CA-E64706CCFCBF}.Release|Any CPU.Build.0 = Release|Any CPU
		{07285237-3835-4BB1-AF16-6C95E3F7566F}.Debug|Any CPU.ActiveCfg = Debug|Any CPU
		{07285237-3835-4BB1-AF16-6C95E3F7566F}.Debug|Any CPU.Build.0 = Debug|Any CPU
		{07285237-3835-4BB1-AF16-6C95E3F7566F}.Release|Any CPU.ActiveCfg = Release|Any CPU
		{07285237-3835-4BB1-AF16-6C95E3F7566F}.Release|Any CPU.Build.0 = Release|Any CPU
		{BEF253CE-CE70-4098-99F6-3CE6B0465FD7}.Debug|Any CPU.ActiveCfg = Debug|Any CPU
		{BEF253CE-CE70-4098-99F6-3CE6B0465FD7}.Debug|Any CPU.Build.0 = Debug|Any CPU
		{BEF253CE-CE70-4098-99F6-3CE6B0465FD7}.Release|Any CPU.ActiveCfg = Release|Any CPU
		{BEF253CE-CE70-4098-99F6-3CE6B0465FD7}.Release|Any CPU.Build.0 = Release|Any CPU
	EndGlobalSection
EndGlobal
